{
  "dependencies": {
    "joi": {
      "version": "http://registry.npmjs.org/joi/-/joi-4.8.1.tgz",
      "dependencies": {
        "hoek": {
          "version": "http://registry.npmjs.org/hoek/-/hoek-2.8.1.tgz"
        },
        "topo": {
          "version": "http://registry.npmjs.org/topo/-/topo-1.0.2.tgz"
        },
        "isemail": {
          "version": "http://registry.npmjs.org/isemail/-/isemail-1.1.1.tgz"
        },
        "moment": {
          "version": "http://registry.npmjs.org/moment/-/moment-2.8.3.tgz"
        }
      }
    }
  }
}
